// !$*UTF8*$!
{
	archiveVersion = 1;
	classes = {
	};
	objectVersion = 56;
	objects = {

/* Begin PBXBuildFile section */
		9CA17ED929CF2BFB001D5F0B /* todolistApp.swift in Sources */ = {isa = PBXBuildFile; fileRef = 9CA17ED829CF2BFB001D5F0B /* todolistApp.swift */; };
		9CA17EDB29CF2BFB001D5F0B /* ContentView.swift in Sources */ = {isa = PBXBuildFile; fileRef = 9CA17EDA29CF2BFB001D5F0B /* ContentView.swift */; };
		9CA17EDD29CF2BFB001D5F0B /* Assets.xcassets in Resources */ = {isa = PBXBuildFile; fileRef = 9CA17EDC29CF2BFB001D5F0B /* Assets.xcassets */; };
		9CA17EE029CF2BFB001D5F0B /* Preview Assets.xcassets in Resources */ = {isa = PBXBuildFile; fileRef = 9CA17EDF29CF2BFB001D5F0B /* Preview Assets.xcassets */; };
		9CA17EEB29CF2BFB001D5F0B /* todolistTests.swift in Sources */ = {isa = PBXBuildFile; fileRef = 9CA17EEA29CF2BFB001D5F0B /* todolistTests.swift */; };
		9CA17EF529CF2BFB001D5F0B /* todolistUITests.swift in Sources */ = {isa = PBXBuildFile; fileRef = 9CA17EF429CF2BFB001D5F0B /* todolistUITests.swift */; };
		9CA17EF729CF2BFB001D5F0B /* todolistUITestsLaunchTests.swift in Sources */ = {isa = PBXBuildFile; fileRef = 9CA17EF629CF2BFB001D5F0B /* todolistUITestsLaunchTests.swift */; };
/* End PBXBuildFile section */

/* Begin PBXContainerItemProxy section */
		9CA17EE729CF2BFB001D5F0B /* PBXContainerItemProxy */ = {
			isa = PBXContainerItemProxy;
			containerPortal = 9CA17ECD29CF2BFB001D5F0B /* Project object */;
			proxyType = 1;
			remoteGlobalIDString = 9CA17ED429CF2BFB001D5F0B;
			remoteInfo = todolist;
		};
		9CA17EF129CF2BFB001D5F0B /* PBXContainerItemProxy */ = {
			isa = PBXContainerItemProxy;
			containerPortal = 9CA17ECD29CF2BFB001D5F0B /* Project object */;
			proxyType = 1;
			remoteGlobalIDString = 9CA17ED429CF2BFB001D5F0B;
			remoteInfo = todolist;
		};
/* End PBXContainerItemProxy section */

/* Begin PBXFileReference section */
		9CA17ED529CF2BFB001D5F0B /* todolist.app */ = {isa = PBXFileReference; explicitFileType = wrapper.application; includeInIndex = 0; path = todolist.app; sourceTree = BUILT_PRODUCTS_DIR; };
		9CA17ED829CF2BFB001D5F0B /* todolistApp.swift */ = {isa = PBXFileReference; lastKnownFileType = sourcecode.swift; path = todolistApp.swift; sourceTree = "<group>"; };
		9CA17EDA29CF2BFB001D5F0B /* ContentView.swift */ = {isa = PBXFileReference; lastKnownFileType = sourcecode.swift; path = ContentView.swift; sourceTree = "<group>"; };
		9CA17EDC29CF2BFB001D5F0B /* Assets.xcassets */ = {isa = PBXFileReference; lastKnownFileType = folder.assetcatalog; path = Assets.xcassets; sourceTree = "<group>"; };
		9CA17EDF29CF2BFB001D5F0B /* Preview Assets.xcassets */ = {isa = PBXFileReference; lastKnownFileType = folder.assetcatalog; path = "Preview Assets.xcassets"; sourceTree = "<group>"; };
		9CA17EE129CF2BFB001D5F0B /* todolist.entitlements */ = {isa = PBXFileReference; lastKnownFileType = text.plist.entitlements; path = todolist.entitlements; sourceTree = "<group>"; };
		9CA17EE629CF2BFB001D5F0B /* todolistTests.xctest */ = {isa = PBXFileReference; explicitFileType = wrapper.cfbundle; includeInIndex = 0; path = todolistTests.xctest; sourceTree = BUILT_PRODUCTS_DIR; };
		9CA17EEA29CF2BFB001D5F0B /* todolistTests.swift */ = {isa = PBXFileReference; lastKnownFileType = sourcecode.swift; path = todolistTests.swift; sourceTree = "<group>"; };
		9CA17EF029CF2BFB001D5F0B /* todolistUITests.xctest */ = {isa = PBXFileReference; explicitFileType = wrapper.cfbundle; includeInIndex = 0; path = todolistUITests.xctest; sourceTree = BUILT_PRODUCTS_DIR; };
		9CA17EF429CF2BFB001D5F0B /* todolistUITests.swift */ = {isa = PBXFileReference; lastKnownFileType = sourcecode.swift; path = todolistUITests.swift; sourceTree = "<group>"; };
		9CA17EF629CF2BFB001D5F0B /* todolistUITestsLaunchTests.swift */ = {isa = PBXFileReference; lastKnownFileType = sourcecode.swift; path = todolistUITestsLaunchTests.swift; sourceTree = "<group>"; };
/* End PBXFileReference section */

/* Begin PBXFrameworksBuildPhase section */
		9CA17ED229CF2BFB001D5F0B /* Frameworks */ = {
			isa = PBXFrameworksBuildPhase;
			buildActionMask = 2147483647;
			files = (
			);
			runOnlyForDeploymentPostprocessing = 0;
		};
		9CA17EE329CF2BFB001D5F0B /* Frameworks */ = {
			isa = PBXFrameworksBuildPhase;
			buildActionMask = 2147483647;
			files = (
			);
			runOnlyForDeploymentPostprocessing = 0;
		};
		9CA17EED29CF2BFB001D5F0B /* Frameworks */ = {
			isa = PBXFrameworksBuildPhase;
			buildActionMask = 2147483647;
			files = (
			);
			runOnlyForDeploymentPostprocessing = 0;
		};
/* End PBXFrameworksBuildPhase section */

/* Begin PBXGroup section */
		9CA17ECC29CF2BFB001D5F0B = {
			isa = PBXGroup;
			children = (
				9CA17ED729CF2BFB001D5F0B /* todolist */,
				9CA17EE929CF2BFB001D5F0B /* todolistTests */,
				9CA17EF329CF2BFB001D5F0B /* todolistUITests */,
				9CA17ED629CF2BFB001D5F0B /* Products */,
			);
			sourceTree = "<group>";
		};
		9CA17ED629CF2BFB001D5F0B /* Products */ = {
			isa = PBXGroup;
			children = (
				9CA17ED529CF2BFB001D5F0B /* todolist.app */,
				9CA17EE629CF2BFB001D5F0B /* todolistTests.xctest */,
				9CA17EF029CF2BFB001D5F0B /* todolistUITests.xctest */,
			);
			name = Products;
			sourceTree = "<group>";
		};
		9CA17ED729CF2BFB001D5F0B /* todolist */ = {
			isa = PBXGroup;
			children = (
				9CA17ED829CF2BFB001D5F0B /* todolistApp.swift */,
				9CA17EDA29CF2BFB001D5F0B /* ContentView.swift */,
				9CA17EDC29CF2BFB001D5F0B /* Assets.xcassets */,
				9CA17EE129CF2BFB001D5F0B /* todolist.entitlements */,
				9CA17EDE29CF2BFB001D5F0B /* Preview Content */,
			);
			path = todolist;
			sourceTree = "<group>";
		};
		9CA17EDE29CF2BFB001D5F0B /* Preview Content */ = {
			isa = PBXGroup;
			children = (
				9CA17EDF29CF2BFB001D5F0B /* Preview Assets.xcassets */,
			);
			path = "Preview Content";
			sourceTree = "<group>";
		};
		9CA17EE929CF2BFB001D5F0B /* todolistTests */ = {
			isa = PBXGroup;
			children = (
				9CA17EEA29CF2BFB001D5F0B /* todolistTests.swift */,
			);
			path = todolistTests;
			sourceTree = "<group>";
		};
		9CA17EF329CF2BFB001D5F0B /* todolistUITests */ = {
			isa = PBXGroup;
			children = (
				9CA17EF429CF2BFB001D5F0B /* todolistUITests.swift */,
				9CA17EF629CF2BFB001D5F0B /* todolistUITestsLaunchTests.swift */,
			);
			path = todolistUITests;
			sourceTree = "<group>";
		};
/* End PBXGroup section */

/* Begin PBXNativeTarget section */
		9CA17ED429CF2BFB001D5F0B /* todolist */ = {
			isa = PBXNativeTarget;
			buildConfigurationList = 9CA17EFA29CF2BFB001D5F0B /* Build configuration list for PBXNativeTarget "todolist" */;
			buildPhases = (
				9CA17ED129CF2BFB001D5F0B /* Sources */,
				9CA17ED229CF2BFB001D5F0B /* Frameworks */,
				9CA17ED329CF2BFB001D5F0B /* Resources */,
			);
			buildRules = (
			);
			dependencies = (
			);
			name = todolist;
			productName = todolist;
			productReference = 9CA17ED529CF2BFB001D5F0B /* todolist.app */;
			productType = "com.apple.product-type.application";
		};
		9CA17EE529CF2BFB001D5F0B /* todolistTests */ = {
			isa = PBXNativeTarget;
			buildConfigurationList = 9CA17EFD29CF2BFB001D5F0B /* Build configuration list for PBXNativeTarget "todolistTests" */;
			buildPhases = (
				9CA17EE229CF2BFB001D5F0B /* Sources */,
				9CA17EE329CF2BFB001D5F0B /* Frameworks */,
				9CA17EE429CF2BFB001D5F0B /* Resources */,
			);
			buildRules = (
			);
			dependencies = (
				9CA17EE829CF2BFB001D5F0B /* PBXTargetDependency */,
			);
			name = todolistTests;
			productName = todolistTests;
			productReference = 9CA17EE629CF2BFB001D5F0B /* todolistTests.xctest */;
			productType = "com.apple.product-type.bundle.unit-test";
		};
		9CA17EEF29CF2BFB001D5F0B /* todolistUITests */ = {
			isa = PBXNativeTarget;
			buildConfigurationList = 9CA17F0029CF2BFB001D5F0B /* Build configuration list for PBXNativeTarget "todolistUITests" */;
			buildPhases = (
				9CA17EEC29CF2BFB001D5F0B /* Sources */,
				9CA17EED29CF2BFB001D5F0B /* Frameworks */,
				9CA17EEE29CF2BFB001D5F0B /* Resources */,
			);
			buildRules = (
			);
			dependencies = (
				9CA17EF229CF2BFB001D5F0B /* PBXTargetDependency */,
			);
			name = todolistUITests;
			productName = todolistUITests;
			productReference = 9CA17EF029CF2BFB001D5F0B /* todolistUITests.xctest */;
			productType = "com.apple.product-type.bundle.ui-testing";
		};
/* End PBXNativeTarget section */

/* Begin PBXProject section */
		9CA17ECD29CF2BFB001D5F0B /* Project object */ = {
			isa = PBXProject;
			attributes = {
				BuildIndependentTargetsInParallel = 1;
				LastSwiftUpdateCheck = 1420;
				LastUpgradeCheck = 1420;
				TargetAttributes = {
					9CA17ED429CF2BFB001D5F0B = {
						CreatedOnToolsVersion = 14.2;
					};
					9CA17EE529CF2BFB001D5F0B = {
						CreatedOnToolsVersion = 14.2;
						TestTargetID = 9CA17ED429CF2BFB001D5F0B;
					};
					9CA17EEF29CF2BFB001D5F0B = {
						CreatedOnToolsVersion = 14.2;
						TestTargetID = 9CA17ED429CF2BFB001D5F0B;
					};
				};
			};
			buildConfigurationList = 9CA17ED029CF2BFB001D5F0B /* Build configuration list for PBXProject "todolist" */;
			compatibilityVersion = "Xcode 14.0";
			developmentRegion = en;
			hasScannedForEncodings = 0;
			knownRegions = (
				en,
				Base,
			);
			mainGroup = 9CA17ECC29CF2BFB001D5F0B;
			productRefGroup = 9CA17ED629CF2BFB001D5F0B /* Products */;
			projectDirPath = "";
			projectRoot = "";
			targets = (
				9CA17ED429CF2BFB001D5F0B /* todolist */,
				9CA17EE529CF2BFB001D5F0B /* todolistTests */,
				9CA17EEF29CF2BFB001D5F0B /* todolistUITests */,
			);
		};
/* End PBXProject section */

/* Begin PBXResourcesBuildPhase section */
		9CA17ED329CF2BFB001D5F0B /* Resources */ = {
			isa = PBXResourcesBuildPhase;
			buildActionMask = 2147483647;
			files = (
				9CA17EE029CF2BFB001D5F0B /* Preview Assets.xcassets in Resources */,
				9CA17EDD29CF2BFB001D5F0B /* Assets.xcassets in Resources */,
			);
			runOnlyForDeploymentPostprocessing = 0;
		};
		9CA17EE429CF2BFB001D5F0B /* Resources */ = {
			isa = PBXResourcesBuildPhase;
			buildActionMask = 2147483647;
			files = (
			);
			runOnlyForDeploymentPostprocessing = 0;
		};
		9CA17EEE29CF2BFB001D5F0B /* Resources */ = {
			isa = PBXResourcesBuildPhase;
			buildActionMask = 2147483647;
			files = (
			);
			runOnlyForDeploymentPostprocessing = 0;
		};
/* End PBXResourcesBuildPhase section */

/* Begin PBXSourcesBuildPhase section */
		9CA17ED129CF2BFB001D5F0B /* Sources */ = {
			isa = PBXSourcesBuildPhase;
			buildActionMask = 2147483647;
			files = (
				9CA17EDB29CF2BFB001D5F0B /* ContentView.swift in Sources */,
				9CA17ED929CF2BFB001D5F0B /* todolistApp.swift in Sources */,
			);
			runOnlyForDeploymentPostprocessing = 0;
		};
		9CA17EE229CF2BFB001D5F0B /* Sources */ = {
			isa = PBXSourcesBuildPhase;
			buildActionMask = 2147483647;
			files = (
				9CA17EEB29CF2BFB001D5F0B /* todolistTests.swift in Sources */,
			);
			runOnlyForDeploymentPostprocessing = 0;
		};
		9CA17EEC29CF2BFB001D5F0B /* Sources */ = {
			isa = PBXSourcesBuildPhase;
			buildActionMask = 2147483647;
			files = (
				9CA17EF729CF2BFB001D5F0B /* todolistUITestsLaunchTests.swift in Sources */,
				9CA17EF529CF2BFB001D5F0B /* todolistUITests.swift in Sources */,
			);
			runOnlyForDeploymentPostprocessing = 0;
		};
/* End PBXSourcesBuildPhase section */

/* Begin PBXTargetDependency section */
		9CA17EE829CF2BFB001D5F0B /* PBXTargetDependency */ = {
			isa = PBXTargetDependency;
			target = 9CA17ED429CF2BFB001D5F0B /* todolist */;
			targetProxy = 9CA17EE729CF2BFB001D5F0B /* PBXContainerItemProxy */;
		};
		9CA17EF229CF2BFB001D5F0B /* PBXTargetDependency */ = {
			isa = PBXTargetDependency;
			target = 9CA17ED429CF2BFB001D5F0B /* todolist */;
			targetProxy = 9CA17EF129CF2BFB001D5F0B /* PBXContainerItemProxy */;
		};
/* End PBXTargetDependency section */

/* Begin XCBuildConfiguration section */
		9CA17EF829CF2BFB001D5F0B /* Debug */ = {
			isa = XCBuildConfiguration;
			buildSettings = {
				ALWAYS_SEARCH_USER_PATHS = NO;
				CLANG_ANALYZER_NONNULL = YES;
				CLANG_ANALYZER_NUMBER_OBJECT_CONVERSION = YES_AGGRESSIVE;
				CLANG_CXX_LANGUAGE_STANDARD = "gnu++20";
				CLANG_ENABLE_MODULES = YES;
				CLANG_ENABLE_OBJC_ARC = YES;
				CLANG_ENABLE_OBJC_WEAK = YES;
				CLANG_WARN_BLOCK_CAPTURE_AUTORELEASING = YES;
				CLANG_WARN_BOOL_CONVERSION = YES;
				CLANG_WARN_COMMA = YES;
				CLANG_WARN_CONSTANT_CONVERSION = YES;
				CLANG_WARN_DEPRECATED_OBJC_IMPLEMENTATIONS = YES;
				CLANG_WARN_DIRECT_OBJC_ISA_USAGE = YES_ERROR;
				CLANG_WARN_DOCUMENTATION_COMMENTS = YES;
				CLANG_WARN_EMPTY_BODY = YES;
				CLANG_WARN_ENUM_CONVERSION = YES;
				CLANG_WARN_INFINITE_RECURSION = YES;
				CLANG_WARN_INT_CONVERSION = YES;
				CLANG_WARN_NON_LITERAL_NULL_CONVERSION = YES;
				CLANG_WARN_OBJC_IMPLICIT_RETAIN_SELF = YES;
				CLANG_WARN_OBJC_LITERAL_CONVERSION = YES;
				CLANG_WARN_OBJC_ROOT_CLASS = YES_ERROR;
				CLANG_WARN_QUOTED_INCLUDE_IN_FRAMEWORK_HEADER = YES;
				CLANG_WARN_RANGE_LOOP_ANALYSIS = YES;
				CLANG_WARN_STRICT_PROTOTYPES = YES;
				CLANG_WARN_SUSPICIOUS_MOVE = YES;
				CLANG_WARN_UNGUARDED_AVAILABILITY = YES_AGGRESSIVE;
				CLANG_WARN_UNREACHABLE_CODE = YES;
				CLANG_WARN__DUPLICATE_METHOD_MATCH = YES;
				COPY_PHASE_STRIP = NO;
				DEBUG_INFORMATION_FORMAT = dwarf;
				ENABLE_STRICT_OBJC_MSGSEND = YES;
				ENABLE_TESTABILITY = YES;
				GCC_C_LANGUAGE_STANDARD = gnu11;
				GCC_DYNAMIC_NO_PIC = NO;
				GCC_NO_COMMON_BLOCKS = YES;
				GCC_OPTIMIZATION_LEVEL = 0;
				GCC_PREPROCESSOR_DEFINITIONS = (
					"DEBUG=1",
					"$(inherited)",
				);
				GCC_WARN_64_TO_32_BIT_CONVERSION = YES;
				GCC_WARN_ABOUT_RETURN_TYPE = YES_ERROR;
				GCC_WARN_UNDECLARED_SELECTOR = YES;
				GCC_WARN_UNINITIALIZED_AUTOS = YES_AGGRESSIVE;
				GCC_WARN_UNUSED_FUNCTION = YES;
				GCC_WARN_UNUSED_VARIABLE = YES;
				MACOSX_DEPLOYMENT_TARGET = 13.1;
				MTL_ENABLE_DEBUG_INFO = INCLUDE_SOURCE;
				MTL_FAST_MATH = YES;
				ONLY_ACTIVE_ARCH = YES;
				SDKROOT = macosx;
				SWIFT_ACTIVE_COMPILATION_CONDITIONS = DEBUG;
				SWIFT_OPTIMIZATION_LEVEL = "-Onone";
			};
			name = Debug;
		};
		9CA17EF929CF2BFB001D5F0B /* Release */ = {
			isa = XCBuildConfiguration;
			buildSettings = {
				ALWAYS_SEARCH_USER_PATHS = NO;
				CLANG_ANALYZER_NONNULL = YES;
				CLANG_ANALYZER_NUMBER_OBJECT_CONVERSION = YES_AGGRESSIVE;
				CLANG_CXX_LANGUAGE_STANDARD = "gnu++20";
				CLANG_ENABLE_MODULES = YES;
				CLANG_ENABLE_OBJC_ARC = YES;
				CLANG_ENABLE_OBJC_WEAK = YES;
				CLANG_WARN_BLOCK_CAPTURE_AUTORELEASING = YES;
				CLANG_WARN_BOOL_CONVERSION = YES;
				CLANG_WARN_COMMA = YES;
				CLANG_WARN_CONSTANT_CONVERSION = YES;
				CLANG_WARN_DEPRECATED_OBJC_IMPLEMENTATIONS = YES;
				CLANG_WARN_DIRECT_OBJC_ISA_USAGE = YES_ERROR;
				CLANG_WARN_DOCUMENTATION_COMMENTS = YES;
				CLANG_WARN_EMPTY_BODY = YES;
				CLANG_WARN_ENUM_CONVERSION = YES;
				CLANG_WARN_INFINITE_RECURSION = YES;
				CLANG_WARN_INT_CONVERSION = YES;
				CLANG_WARN_NON_LITERAL_NULL_CONVERSION = YES;
				CLANG_WARN_OBJC_IMPLICIT_RETAIN_SELF = YES;
				CLANG_WARN_OBJC_LITERAL_CONVERSION = YES;
				CLANG_WARN_OBJC_ROOT_CLASS = YES_ERROR;
				CLANG_WARN_QUOTED_INCLUDE_IN_FRAMEWORK_HEADER = YES;
				CLANG_WARN_RANGE_LOOP_ANALYSIS = YES;
				CLANG_WARN_STRICT_PROTOTYPES = YES;
				CLANG_WARN_SUSPICIOUS_MOVE = YES;
				CLANG_WARN_UNGUARDED_AVAILABILITY = YES_AGGRESSIVE;
				CLANG_WARN_UNREACHABLE_CODE = YES;
				CLANG_WARN__DUPLICATE_METHOD_MATCH = YES;
				COPY_PHASE_STRIP = NO;
				DEBUG_INFORMATION_FORMAT = "dwarf-with-dsym";
				ENABLE_NS_ASSERTIONS = NO;
				ENABLE_STRICT_OBJC_MSGSEND = YES;
				GCC_C_LANGUAGE_STANDARD = gnu11;
				GCC_NO_COMMON_BLOCKS = YES;
				GCC_WARN_64_TO_32_BIT_CONVERSION = YES;
				GCC_WARN_ABOUT_RETURN_TYPE = YES_ERROR;
				GCC_WARN_UNDECLARED_SELECTOR = YES;
				GCC_WARN_UNINITIALIZED_AUTOS = YES_AGGRESSIVE;
				GCC_WARN_UNUSED_FUNCTION = YES;
				GCC_WARN_UNUSED_VARIABLE = YES;
				MACOSX_DEPLOYMENT_TARGET = 13.1;
				MTL_ENABLE_DEBUG_INFO = NO;
				MTL_FAST_MATH = YES;
				SDKROOT = macosx;
				SWIFT_COMPILATION_MODE = wholemodule;
				SWIFT_OPTIMIZATION_LEVEL = "-O";
			};
			name = Release;
		};
		9CA17EFB29CF2BFB001D5F0B /* Debug */ = {
			isa = XCBuildConfiguration;
			buildSettings = {
				ASSETCATALOG_COMPILER_APPICON_NAME = AppIcon;
				ASSETCATALOG_COMPILER_GLOBAL_ACCENT_COLOR_NAME = AccentColor;
				CODE_SIGN_ENTITLEMENTS = todolist/todolist.entitlements;
				CODE_SIGN_STYLE = Automatic;
				COMBINE_HIDPI_IMAGES = YES;
				CURRENT_PROJECT_VERSION = 1;
				DEVELOPMENT_ASSET_PATHS = "\"todolist/Preview Content\"";
				DEVELOPMENT_TEAM = 7CGFSCY642;
				ENABLE_HARDENED_RUNTIME = YES;
				ENABLE_PREVIEWS = YES;
				GENERATE_INFOPLIST_FILE = YES;
				INFOPLIST_KEY_NSHumanReadableCopyright = "";
				LD_RUNPATH_SEARCH_PATHS = (
					"$(inherited)",
					"@executable_path/../Frameworks",
				);
				MARKETING_VERSION = 1.0;
				PRODUCT_BUNDLE_IDENTIFIER = thomas.todolist;
				PRODUCT_NAME = "$(TARGET_NAME)";
				SWIFT_EMIT_LOC_STRINGS = YES;
				SWIFT_VERSION = 5.0;
			};
			name = Debug;
		};
		9CA17EFC29CF2BFB001D5F0B /* Release */ = {
			isa = XCBuildConfiguration;
			buildSettings = {
				ASSETCATALOG_COMPILER_APPICON_NAME = AppIcon;
				ASSETCATALOG_COMPILER_GLOBAL_ACCENT_COLOR_NAME = AccentColor;
				CODE_SIGN_ENTITLEMENTS = todolist/todolist.entitlements;
				CODE_SIGN_STYLE = Automatic;
				COMBINE_HIDPI_IMAGES = YES;
				CURRENT_PROJECT_VERSION = 1;
				DEVELOPMENT_ASSET_PATHS = "\"todolist/Preview Content\"";
				DEVELOPMENT_TEAM = 7CGFSCY642;
				ENABLE_HARDENED_RUNTIME = YES;
				ENABLE_PREVIEWS = YES;
				GENERATE_INFOPLIST_FILE = YES;
				INFOPLIST_KEY_NSHumanReadableCopyright = "";
				LD_RUNPATH_SEARCH_PATHS = (
					"$(inherited)",
					"@executable_path/../Frameworks",
				);
				MARKETING_VERSION = 1.0;
				PRODUCT_BUNDLE_IDENTIFIER = thomas.todolist;
				PRODUCT_NAME = "$(TARGET_NAME)";
				SWIFT_EMIT_LOC_STRINGS = YES;
				SWIFT_VERSION = 5.0;
			};
			name = Release;
		};
		9CA17EFE29CF2BFB001D5F0B /* Debug */ = {
			isa = XCBuildConfiguration;
			buildSettings = {
				ALWAYS_EMBED_SWIFT_STANDARD_LIBRARIES = YES;
				BUNDLE_LOADER = "$(TEST_HOST)";
				CODE_SIGN_STYLE = Automatic;
				CURRENT_PROJECT_VERSION = 1;
				DEVELOPMENT_TEAM = 7CGFSCY642;
				GENERATE_INFOPLIST_FILE = YES;
				MACOSX_DEPLOYMENT_TARGET = 13.1;
				MARKETING_VERSION = 1.0;
				PRODUCT_BUNDLE_IDENTIFIER = thomas.todolistTests;
				PRODUCT_NAME = "$(TARGET_NAME)";
				SWIFT_EMIT_LOC_STRINGS = NO;
				SWIFT_VERSION = 5.0;
				TEST_HOST = "$(BUILT_PRODUCTS_DIR)/todolist.app/$(BUNDLE_EXECUTABLE_FOLDER_PATH)/todolist";
			};
			name = Debug;
		};
		9CA17EFF29CF2BFB001D5F0B /* Release */ = {
			isa = XCBuildConfiguration;
			buildSettings = {
				ALWAYS_EMBED_SWIFT_STANDARD_LIBRARIES = YES;
				BUNDLE_LOADER = "$(TEST_HOST)";
				CODE_SIGN_STYLE = Automatic;
				CURRENT_PROJECT_VERSION = 1;
				DEVELOPMENT_TEAM = 7CGFSCY642;
				GENERATE_INFOPLIST_FILE = YES;
				MACOSX_DEPLOYMENT_TARGET = 13.1;
				MARKETING_VERSION = 1.0;
				PRODUCT_BUNDLE_IDENTIFIER = thomas.todolistTests;
				PRODUCT_NAME = "$(TARGET_NAME)";
				SWIFT_EMIT_LOC_STRINGS = NO;
				SWIFT_VERSION = 5.0;
				TEST_HOST = "$(BUILT_PRODUCTS_DIR)/todolist.app/$(BUNDLE_EXECUTABLE_FOLDER_PATH)/todolist";
			};
			name = Release;
		};
		9CA17F0129CF2BFB001D5F0B /* Debug */ = {
			isa = XCBuildConfiguration;
			buildSettings = {
				ALWAYS_EMBED_SWIFT_STANDARD_LIBRARIES = YES;
				CODE_SIGN_STYLE = Automatic;
				CURRENT_PROJECT_VERSION = 1;
				DEVELOPMENT_TEAM = 7CGFSCY642;
				GENERATE_INFOPLIST_FILE = YES;
				MARKETING_VERSION = 1.0;
				PRODUCT_BUNDLE_IDENTIFIER = thomas.todolistUITests;
				PRODUCT_NAME = "$(TARGET_NAME)";
				SWIFT_EMIT_LOC_STRINGS = NO;
				SWIFT_VERSION = 5.0;
				TEST_TARGET_NAME = todolist;
			};
			name = Debug;
		};
		9CA17F0229CF2BFB001D5F0B /* Release */ = {
			isa = XCBuildConfiguration;
			buildSettings = {
				ALWAYS_EMBED_SWIFT_STANDARD_LIBRARIES = YES;
				CODE_SIGN_STYLE = Automatic;
				CURRENT_PROJECT_VERSION = 1;
				DEVELOPMENT_TEAM = 7CGFSCY642;
				GENERATE_INFOPLIST_FILE = YES;
				MARKETING_VERSION = 1.0;
				PRODUCT_BUNDLE_IDENTIFIER = thomas.todolistUITests;
				PRODUCT_NAME = "$(TARGET_NAME)";
				SWIFT_EMIT_LOC_STRINGS = NO;
				SWIFT_VERSION = 5.0;
				TEST_TARGET_NAME = todolist;
			};
			name = Release;
		};
/* End XCBuildConfiguration section */

/* Begin XCConfigurationList section */
		9CA17ED029CF2BFB001D5F0B /* Build configuration list for PBXProject "todolist" */ = {
			isa = XCConfigurationList;
			buildConfigurations = (
				9CA17EF829CF2BFB001D5F0B /* Debug */,
				9CA17EF929CF2BFB001D5F0B /* Release */,
			);
			defaultConfigurationIsVisible = 0;
			defaultConfigurationName = Release;
		};
		9CA17EFA29CF2BFB001D5F0B /* Build configuration list for PBXNativeTarget "todolist" */ = {
			isa = XCConfigurationList;
			buildConfigurations = (
				9CA17EFB29CF2BFB001D5F0B /* Debug */,
				9CA17EFC29CF2BFB001D5F0B /* Release */,
			);
			defaultConfigurationIsVisible = 0;
			defaultConfigurationName = Release;
		};
		9CA17EFD29CF2BFB001D5F0B /* Build configuration list for PBXNativeTarget "todolistTests" */ = {
			isa = XCConfigurationList;
			buildConfigurations = (
				9CA17EFE29CF2BFB001D5F0B /* Debug */,
				9CA17EFF29CF2BFB001D5F0B /* Release */,
			);
			defaultConfigurationIsVisible = 0;
			defaultConfigurationName = Release;
		};
		9CA17F0029CF2BFB001D5F0B /* Build configuration list for PBXNativeTarget "todolistUITests" */ = {
			isa = XCConfigurationList;
			buildConfigurations = (
				9CA17F0129CF2BFB001D5F0B /* Debug */,
				9CA17F0229CF2BFB001D5F0B /* Release */,
			);
			defaultConfigurationIsVisible = 0;
			defaultConfigurationName = Release;
		};
/* End XCConfigurationList section */
	};
	rootObject = 9CA17ECD29CF2BFB001D5F0B /* Project object */;
}
